
Microsoft Visual Studio Solution File, Format Version 12.00
# Visual Studio Version 17
VisualStudioVersion = 17.6.33801.468
MinimumVisualStudioVersion = 10.0.40219.1
Project("{FAE04EC0-301F-11D3-BF4B-00C04F79EFBC}") = "collections", "collections\collections.csproj", "{02C11474-69F7-4100-AE56-F92595C74CD1}"
EndProject
Global
	GlobalSection(SolutionConfigurationPlatforms) = preSolution
		Debug|Any CPU = Debug|Any CPU
		Release|Any CPU = Release|Any CPU
	EndGlobalSection
	GlobalSection(ProjectConfigurationPlatforms) = postSolution
		{02C11474-69F7-4100-AE56-F92595C74CD1}.Debug|Any CPU.ActiveCfg = Debug|Any CPU
		{02C11474-69F7-4100-AE56-F92595C74CD1}.Debug|Any CPU.Build.0 = Debug|Any CPU
		{02C11474-69F7-4100-AE56-F92595C74CD1}.Release|Any CPU.ActiveCfg = Release|Any CPU
		{02C11474-69F7-4100-AE56-F92595C74CD1}.Release|Any CPU.Build.0 = Release|Any CPU
	EndGlobalSection
	GlobalSection(SolutionProperties) = preSolution
		HideSolutionNode = FALSE
	EndGlobalSection
	GlobalSection(ExtensibilityGlobals) = postSolution
		SolutionGuid = {90045C93-E14F-48FC-A2E0-120022AC80D8}
	EndGlobalSection
EndGlobal
